
Microsoft Visual Studio Solution File, Format Version 12.00
# Visual Studio Version 17
VisualStudioVersion = 17.0.32112.339
MinimumVisualStudioVersion = 10.0.40219.1
Project("{FAE04EC0-301F-11D3-BF4B-00C04F79EFBC}") = "Course", "Course\Course.csproj", "{9B74E626-6A3C-4AEB-BC77-05F2FBE3D684}"
EndProject
Global
	GlobalSection(SolutionConfigurationPlatforms) = preSolution
		Debug|Any CPU = Debug|Any CPU
		Release|Any CPU = Release|Any CPU
	EndGlobalSection
	GlobalSection(ProjectConfigurationPlatforms) = postSolution
		{9B74E626-6A3C-4AEB-BC77-05F2FBE3D684}.Debug|Any CPU.ActiveCfg = Debug|Any CPU
		{9B74E626-6A3C-4AEB-BC77-05F2FBE3D684}.Debug|Any CPU.Build.0 = Debug|Any CPU
		{9B74E626-6A3C-4AEB-BC77-05F2FBE3D684}.Release|Any CPU.ActiveCfg = Release|Any CPU
		{9B74E626-6A3C-4AEB-BC77-05F2FBE3D684}.Release|Any CPU.Build.0 = Release|Any CPU
	EndGlobalSection
	GlobalSection(SolutionProperties) = preSolution
		HideSolutionNode = FALSE
	EndGlobalSection
	GlobalSection(ExtensibilityGlobals) = postSolution
		SolutionGuid = {8242FB77-7D05-4FEC-AD02-3594D3163A27}
	EndGlobalSection
EndGlobal
