
Microsoft Visual Studio Solution File, Format Version 12.00
# Visual Studio Version 16
VisualStudioVersion = 16.0.31613.86
MinimumVisualStudioVersion = 10.0.40219.1
Project("{FAE04EC0-301F-11D3-BF4B-00C04F79EFBC}") = "Course", "Course\Course.csproj", "{8C167F07-7F82-4175-A25E-11B8F48CA69E}"
EndProject
Global
	GlobalSection(SolutionConfigurationPlatforms) = preSolution
		Debug|Any CPU = Debug|Any CPU
		Release|Any CPU = Release|Any CPU
	EndGlobalSection
	GlobalSection(ProjectConfigurationPlatforms) = postSolution
		{8C167F07-7F82-4175-A25E-11B8F48CA69E}.Debug|Any CPU.ActiveCfg = Debug|Any CPU
		{8C167F07-7F82-4175-A25E-11B8F48CA69E}.Debug|Any CPU.Build.0 = Debug|Any CPU
		{8C167F07-7F82-4175-A25E-11B8F48CA69E}.Release|Any CPU.ActiveCfg = Release|Any CPU
		{8C167F07-7F82-4175-A25E-11B8F48CA69E}.Release|Any CPU.Build.0 = Release|Any CPU
	EndGlobalSection
	GlobalSection(SolutionProperties) = preSolution
		HideSolutionNode = FALSE
	EndGlobalSection
	GlobalSection(ExtensibilityGlobals) = postSolution
		SolutionGuid = {708E37BB-9098-4A49-8E21-2F513D1B4004}
	EndGlobalSection
EndGlobal
