
Microsoft Visual Studio Solution File, Format Version 12.00
# Visual Studio Version 16
VisualStudioVersion = 16.0.32002.261
MinimumVisualStudioVersion = 10.0.40219.1
Project("{FAE04EC0-301F-11D3-BF4B-00C04F79EFBC}") = "Course", "Course\Course.csproj", "{FA2207A3-A32B-4E77-875D-D286D614F1D9}"
EndProject
Global
	GlobalSection(SolutionConfigurationPlatforms) = preSolution
		Debug|Any CPU = Debug|Any CPU
		Release|Any CPU = Release|Any CPU
	EndGlobalSection
	GlobalSection(ProjectConfigurationPlatforms) = postSolution
		{FA2207A3-A32B-4E77-875D-D286D614F1D9}.Debug|Any CPU.ActiveCfg = Debug|Any CPU
		{FA2207A3-A32B-4E77-875D-D286D614F1D9}.Debug|Any CPU.Build.0 = Debug|Any CPU
		{FA2207A3-A32B-4E77-875D-D286D614F1D9}.Release|Any CPU.ActiveCfg = Release|Any CPU
		{FA2207A3-A32B-4E77-875D-D286D614F1D9}.Release|Any CPU.Build.0 = Release|Any CPU
	EndGlobalSection
	GlobalSection(SolutionProperties) = preSolution
		HideSolutionNode = FALSE
	EndGlobalSection
	GlobalSection(ExtensibilityGlobals) = postSolution
		SolutionGuid = {2DA68442-8DB4-4B4F-9DAC-DEB5390D6E40}
	EndGlobalSection
EndGlobal
