
Microsoft Visual Studio Solution File, Format Version 12.00
# Visual Studio Version 16
VisualStudioVersion = 16.0.31613.86
MinimumVisualStudioVersion = 10.0.40219.1
Project("{FAE04EC0-301F-11D3-BF4B-00C04F79EFBC}") = "Exercicio 04", "Exercicio 04\Exercicio 04.csproj", "{B10C08E5-C033-4BDF-83F9-2D1B164534EA}"
EndProject
Global
	GlobalSection(SolutionConfigurationPlatforms) = preSolution
		Debug|Any CPU = Debug|Any CPU
		Release|Any CPU = Release|Any CPU
	EndGlobalSection
	GlobalSection(ProjectConfigurationPlatforms) = postSolution
		{B10C08E5-C033-4BDF-83F9-2D1B164534EA}.Debug|Any CPU.ActiveCfg = Debug|Any CPU
		{B10C08E5-C033-4BDF-83F9-2D1B164534EA}.Debug|Any CPU.Build.0 = Debug|Any CPU
		{B10C08E5-C033-4BDF-83F9-2D1B164534EA}.Release|Any CPU.ActiveCfg = Release|Any CPU
		{B10C08E5-C033-4BDF-83F9-2D1B164534EA}.Release|Any CPU.Build.0 = Release|Any CPU
	EndGlobalSection
	GlobalSection(SolutionProperties) = preSolution
		HideSolutionNode = FALSE
	EndGlobalSection
	GlobalSection(ExtensibilityGlobals) = postSolution
		SolutionGuid = {C8A2C2DE-4DE2-4780-8D41-E5ED23FEA5CF}
	EndGlobalSection
EndGlobal
