
Microsoft Visual Studio Solution File, Format Version 12.00
# Visual Studio Version 17
VisualStudioVersion = 17.0.32014.148
MinimumVisualStudioVersion = 10.0.40219.1
Project("{FAE04EC0-301F-11D3-BF4B-00C04F79EFBC}") = "Course", "Course\Course.csproj", "{9C86DCBC-9EB6-4C62-AE5D-84176FC1443E}"
EndProject
Global
	GlobalSection(SolutionConfigurationPlatforms) = preSolution
		Debug|Any CPU = Debug|Any CPU
		Release|Any CPU = Release|Any CPU
	EndGlobalSection
	GlobalSection(ProjectConfigurationPlatforms) = postSolution
		{9C86DCBC-9EB6-4C62-AE5D-84176FC1443E}.Debug|Any CPU.ActiveCfg = Debug|Any CPU
		{9C86DCBC-9EB6-4C62-AE5D-84176FC1443E}.Debug|Any CPU.Build.0 = Debug|Any CPU
		{9C86DCBC-9EB6-4C62-AE5D-84176FC1443E}.Release|Any CPU.ActiveCfg = Release|Any CPU
		{9C86DCBC-9EB6-4C62-AE5D-84176FC1443E}.Release|Any CPU.Build.0 = Release|Any CPU
	EndGlobalSection
	GlobalSection(SolutionProperties) = preSolution
		HideSolutionNode = FALSE
	EndGlobalSection
	GlobalSection(ExtensibilityGlobals) = postSolution
		SolutionGuid = {A907E455-50B5-4037-AC20-455E5C216A56}
	EndGlobalSection
EndGlobal
