
Microsoft Visual Studio Solution File, Format Version 12.00
# Visual Studio Version 16
VisualStudioVersion = 16.0.31613.86
MinimumVisualStudioVersion = 10.0.40219.1
Project("{FAE04EC0-301F-11D3-BF4B-00C04F79EFBC}") = "ExercicioFix 04", "ExercicioFix 04\ExercicioFix 04.csproj", "{972C2E0F-1F29-4C86-A774-AA8F2CED7977}"
EndProject
Global
	GlobalSection(SolutionConfigurationPlatforms) = preSolution
		Debug|Any CPU = Debug|Any CPU
		Release|Any CPU = Release|Any CPU
	EndGlobalSection
	GlobalSection(ProjectConfigurationPlatforms) = postSolution
		{972C2E0F-1F29-4C86-A774-AA8F2CED7977}.Debug|Any CPU.ActiveCfg = Debug|Any CPU
		{972C2E0F-1F29-4C86-A774-AA8F2CED7977}.Debug|Any CPU.Build.0 = Debug|Any CPU
		{972C2E0F-1F29-4C86-A774-AA8F2CED7977}.Release|Any CPU.ActiveCfg = Release|Any CPU
		{972C2E0F-1F29-4C86-A774-AA8F2CED7977}.Release|Any CPU.Build.0 = Release|Any CPU
	EndGlobalSection
	GlobalSection(SolutionProperties) = preSolution
		HideSolutionNode = FALSE
	EndGlobalSection
	GlobalSection(ExtensibilityGlobals) = postSolution
		SolutionGuid = {2C4D50C8-EBF3-4ACA-8CE4-136C0977003C}
	EndGlobalSection
EndGlobal
