
Microsoft Visual Studio Solution File, Format Version 12.00
# Visual Studio Version 16
VisualStudioVersion = 16.0.31613.86
MinimumVisualStudioVersion = 10.0.40219.1
Project("{FAE04EC0-301F-11D3-BF4B-00C04F79EFBC}") = "Exercicio 05", "Exercicio 05\Exercicio 05.csproj", "{8B69ABBE-3C13-4E15-9943-A02560910F91}"
EndProject
Global
	GlobalSection(SolutionConfigurationPlatforms) = preSolution
		Debug|Any CPU = Debug|Any CPU
		Release|Any CPU = Release|Any CPU
	EndGlobalSection
	GlobalSection(ProjectConfigurationPlatforms) = postSolution
		{8B69ABBE-3C13-4E15-9943-A02560910F91}.Debug|Any CPU.ActiveCfg = Debug|Any CPU
		{8B69ABBE-3C13-4E15-9943-A02560910F91}.Debug|Any CPU.Build.0 = Debug|Any CPU
		{8B69ABBE-3C13-4E15-9943-A02560910F91}.Release|Any CPU.ActiveCfg = Release|Any CPU
		{8B69ABBE-3C13-4E15-9943-A02560910F91}.Release|Any CPU.Build.0 = Release|Any CPU
	EndGlobalSection
	GlobalSection(SolutionProperties) = preSolution
		HideSolutionNode = FALSE
	EndGlobalSection
	GlobalSection(ExtensibilityGlobals) = postSolution
		SolutionGuid = {05CD19A3-B9B9-4E04-BDBA-271396D6D1BF}
	EndGlobalSection
EndGlobal
