
Microsoft Visual Studio Solution File, Format Version 12.00
# Visual Studio Version 17
VisualStudioVersion = 17.2.32602.215
MinimumVisualStudioVersion = 10.0.40219.1
Project("{FAE04EC0-301F-11D3-BF4B-00C04F79EFBC}") = "SalesWebMvc", "SalesWebMvc\SalesWebMvc.csproj", "{AADA2CFE-5FE6-4ABF-A1E9-3F6CAEA88999}"
EndProject
Global
	GlobalSection(SolutionConfigurationPlatforms) = preSolution
		Debug|Any CPU = Debug|Any CPU
		Release|Any CPU = Release|Any CPU
	EndGlobalSection
	GlobalSection(ProjectConfigurationPlatforms) = postSolution
		{AADA2CFE-5FE6-4ABF-A1E9-3F6CAEA88999}.Debug|Any CPU.ActiveCfg = Debug|Any CPU
		{AADA2CFE-5FE6-4ABF-A1E9-3F6CAEA88999}.Debug|Any CPU.Build.0 = Debug|Any CPU
		{AADA2CFE-5FE6-4ABF-A1E9-3F6CAEA88999}.Release|Any CPU.ActiveCfg = Release|Any CPU
		{AADA2CFE-5FE6-4ABF-A1E9-3F6CAEA88999}.Release|Any CPU.Build.0 = Release|Any CPU
	EndGlobalSection
	GlobalSection(SolutionProperties) = preSolution
		HideSolutionNode = FALSE
	EndGlobalSection
	GlobalSection(ExtensibilityGlobals) = postSolution
		SolutionGuid = {A9B5613F-7EB1-42DE-94ED-652EA020A566}
	EndGlobalSection
EndGlobal
